Microsoft Visual Studio Solution File, Format Version 11.00
# Visual Studio 2008

Project("{361DB2DE-F2AB-5101-0576-B7F5793D75DF}") = "Todos miran como bailas", "Assembly-CSharp.csproj", "{72EEE006-75A3-43DB-0430-7522B548D62E}"
EndProject
Global
	GlobalSection(SolutionConfigurationPlatforms) = preSolution
		Debug|Any CPU = Debug|Any CPU
		Release|Any CPU = Release|Any CPU
	EndGlobalSection
	GlobalSection(ProjectConfigurationPlatforms) = postSolution
		{72EEE006-75A3-43DB-0430-7522B548D62E}.Debug|Any CPU.ActiveCfg = Debug|Any CPU
		{72EEE006-75A3-43DB-0430-7522B548D62E}.Debug|Any CPU.Build.0 = Debug|Any CPU
		{72EEE006-75A3-43DB-0430-7522B548D62E}.Release|Any CPU.ActiveCfg = Release|Any CPU
		{72EEE006-75A3-43DB-0430-7522B548D62E}.Release|Any CPU.Build.0 = Release|Any CPU
	EndGlobalSection
	GlobalSection(SolutionProperties) = preSolution
		HideSolutionNode = FALSE
	EndGlobalSection
	GlobalSection(MonoDevelopProperties) = preSolution
		StartupItem = Assembly-CSharp.csproj
	EndGlobalSection
EndGlobal
