
Microsoft Visual Studio Solution File, Format Version 12.00
# Visual Studio 2013
Project("{FAE04EC0-301F-11D3-BF4B-00C04F79EFBC}") = "Anna's World - Alfa 1.6.CSharp", "Anna's World - Alfa 1.6.CSharp.csproj", "{F045D909-C97E-6A77-0EDD-8ECBF0AE5C29}"
EndProject
Global
	GlobalSection(SolutionConfigurationPlatforms) = preSolution
		Debug|Any CPU = Debug|Any CPU
		Release|Any CPU = Release|Any CPU
	EndGlobalSection
	GlobalSection(ProjectConfigurationPlatforms) = postSolution
		{F045D909-C97E-6A77-0EDD-8ECBF0AE5C29}.Debug|Any CPU.ActiveCfg = Debug|Any CPU
		{F045D909-C97E-6A77-0EDD-8ECBF0AE5C29}.Debug|Any CPU.Build.0 = Debug|Any CPU
		{F045D909-C97E-6A77-0EDD-8ECBF0AE5C29}.Release|Any CPU.ActiveCfg = Release|Any CPU
		{F045D909-C97E-6A77-0EDD-8ECBF0AE5C29}.Release|Any CPU.Build.0 = Release|Any CPU
	EndGlobalSection
	GlobalSection(SolutionProperties) = preSolution
		HideSolutionNode = FALSE
	EndGlobalSection
EndGlobal
